<?xml version="1.0" encoding="utf-8"?>
<Project ToolsVersion="4.0" xmlns="http://schemas.microsoft.com/developer/msbuild/2003">
  <ItemGroup>
    <Filter Include="Source Files">
      <UniqueIdentifier>{4FC737F1-C7A5-4376-A066-2A32D752A2FF}</UniqueIdentifier>
      <Extensions>cpp;c;cc;cxx;def;odl;idl;hpj;bat;asm;asmx</Extensions>
    </Filter>
    <Filter Include="Header Files">
      <UniqueIdentifier>{93995380-89BD-4b04-88EB-625FBE52EBFB}</UniqueIdentifier>
      <Extensions>h;hh;hpp;hxx;hm;inl;inc;xsd</Extensions>
    </Filter>
    <Filter Include="Resource Files">
      <UniqueIdentifier>{67DA6AB6-F800-4c08-8B7A-83BB121AAD01}</UniqueIdentifier>
      <Extensions>rc;ico;cur;bmp;dlg;rc2;rct;bin;rgs;gif;jpg;jpeg;jpe;resx;tiff;tif;png;wav;mfcribbon-ms</Extensions>
    </Filter>
    <Filter Include="Header Files\FrameWork">
      <UniqueIdentifier>{6f337336-1631-4ea6-8584-8a04c35f23e4}</UniqueIdentifier>
    </Filter>
    <Filter Include="Source Files\FrameWork">
      <UniqueIdentifier>{bfa0656c-728c-4b49-be44-d2b97b2ce555}</UniqueIdentifier>
    </Filter>
  </ItemGroup>
  <ItemGroup>
    <ClCompile Include="Chunk.cpp">
      <Filter>Source Files\FrameWork</Filter>
    </ClCompile>
    <ClCompile Include="ChunkManager.cpp">
      <Filter>Source Files\FrameWork</Filter>
    </ClCompile>
    <ClCompile Include="Collidable.cpp">
      <Filter>Source Files\FrameWork</Filter>
    </ClCompile>
    <ClCompile Include="Drawable.cpp">
      <Filter>Source Files\FrameWork</Filter>
    </ClCompile>
    <ClCompile Include="GameComponent.cpp">
      <Filter>Source Files\FrameWork</Filter>
    </ClCompile>
    <ClCompile Include="GameScreen.cpp">
      <Filter>Source Files\FrameWork</Filter>
    </ClCompile>
    <ClCompile Include="Layer.cpp">
      <Filter>Source Files\FrameWork</Filter>
    </ClCompile>
    <ClCompile Include="ScreenManager.cpp">
      <Filter>Source Files\FrameWork</Filter>
    </ClCompile>
    <ClCompile Include="ScreenTransaction.cpp">
      <Filter>Source Files\FrameWork</Filter>
    </ClCompile>
    <ClCompile Include="main.cpp">
      <Filter>Source Files</Filter>
    </ClCompile>
    <ClCompile Include="ExampleComponent.cpp">
      <Filter>Source Files</Filter>
    </ClCompile>
    <ClCompile Include="Sensor.cpp">
      <Filter>Source Files\FrameWork</Filter>
    </ClCompile>
    <ClCompile Include="Spawner.cpp">
      <Filter>Source Files\FrameWork</Filter>
    </ClCompile>
    <ClCompile Include="MovableComponent.cpp">
      <Filter>Source Files</Filter>
    </ClCompile>
    <ClCompile Include="UpdateData.cpp">
      <Filter>Source Files\FrameWork</Filter>
    </ClCompile>
    <ClCompile Include="Utils.cpp">
      <Filter>Source Files\FrameWork</Filter>
    </ClCompile>
    <ClCompile Include="Rectangle.cpp">
      <Filter>Source Files\FrameWork</Filter>
    </ClCompile>
    <ClCompile Include="WindowManager.cpp">
      <Filter>Source Files\FrameWork</Filter>
    </ClCompile>
    <ClCompile Include="GameFactory.cpp">
      <Filter>Source Files\FrameWork</Filter>
    </ClCompile>
  </ItemGroup>
  <ItemGroup>
    <ClInclude Include="Chunk.hpp">
      <Filter>Header Files\FrameWork</Filter>
    </ClInclude>
    <ClInclude Include="ChunkManager.hpp">
      <Filter>Header Files\FrameWork</Filter>
    </ClInclude>
    <ClInclude Include="Collidable.hpp">
      <Filter>Header Files\FrameWork</Filter>
    </ClInclude>
    <ClInclude Include="Drawable.hpp">
      <Filter>Header Files\FrameWork</Filter>
    </ClInclude>
    <ClInclude Include="GameComponent.hpp">
      <Filter>Header Files\FrameWork</Filter>
    </ClInclude>
    <ClInclude Include="GameScreen.hpp">
      <Filter>Header Files\FrameWork</Filter>
    </ClInclude>
    <ClInclude Include="Layer.hpp">
      <Filter>Header Files\FrameWork</Filter>
    </ClInclude>
    <ClInclude Include="ScreenManager.hpp">
      <Filter>Header Files\FrameWork</Filter>
    </ClInclude>
    <ClInclude Include="ScreenTransaction.hpp">
      <Filter>Header Files\FrameWork</Filter>
    </ClInclude>
    <ClInclude Include="ExampleComponent.hpp">
      <Filter>Header Files</Filter>
    </ClInclude>
    <ClInclude Include="Spawner.hpp">
      <Filter>Header Files\FrameWork</Filter>
    </ClInclude>
    <ClInclude Include="Sensor.hpp">
      <Filter>Header Files\FrameWork</Filter>
    </ClInclude>
    <ClInclude Include="MovableComponent.hpp">
      <Filter>Header Files</Filter>
    </ClInclude>
    <ClInclude Include="UpdateData.hpp">
      <Filter>Header Files\FrameWork</Filter>
    </ClInclude>
    <ClInclude Include="Rectangle.hpp">
      <Filter>Header Files\FrameWork</Filter>
    </ClInclude>
    <ClInclude Include="Utils.hpp">
      <Filter>Header Files\FrameWork</Filter>
    </ClInclude>
    <ClInclude Include="GameFactory.hpp">
      <Filter>Header Files\FrameWork</Filter>
    </ClInclude>
    <ClInclude Include="WindowManager.hpp">
      <Filter>Header Files\FrameWork</Filter>
    </ClInclude>
  </ItemGroup>
</Project>